
Microsoft Visual Studio Solution File, Format Version 12.00
# Visual Studio Version 17
VisualStudioVersion = 17.8.34511.84
MinimumVisualStudioVersion = 10.0.40219.1
Project("{9A19103F-16F7-4668-BE54-9A1E7A4F7556}") = "LinkShort", "LinkShort\LinkShort.csproj", "{1D079C2F-FB1E-4A16-BEE7-AF1909DECE6A}"
EndProject
Project("{9A19103F-16F7-4668-BE54-9A1E7A4F7556}") = "EntityFramework", "EntityFramework\EntityFramework.csproj", "{3E6C7F1C-D8FC-4233-ACBA-C155CCFB2FC6}"
EndProject
Project("{9A19103F-16F7-4668-BE54-9A1E7A4F7556}") = "Domain", "Domain\Domain.csproj", "{A0FAE7E4-3010-44C8-B920-F0222C481841}"
EndProject
Project("{9A19103F-16F7-4668-BE54-9A1E7A4F7556}") = "DTO", "DTO\DTO.csproj", "{8ABD2506-6343-4BEC-AB99-7BDE9103D115}"
EndProject
Project("{9A19103F-16F7-4668-BE54-9A1E7A4F7556}") = "Application", "Application\Application.csproj", "{EEC1AAD6-F94E-47BF-A1B4-BCFC6D2CDF24}"
EndProject
Global
	GlobalSection(SolutionConfigurationPlatforms) = preSolution
		Debug|Any CPU = Debug|Any CPU
		Release|Any CPU = Release|Any CPU
	EndGlobalSection
	GlobalSection(ProjectConfigurationPlatforms) = postSolution
		{1D079C2F-FB1E-4A16-BEE7-AF1909DECE6A}.Debug|Any CPU.ActiveCfg = Debug|Any CPU
		{1D079C2F-FB1E-4A16-BEE7-AF1909DECE6A}.Debug|Any CPU.Build.0 = Debug|Any CPU
		{1D079C2F-FB1E-4A16-BEE7-AF1909DECE6A}.Release|Any CPU.ActiveCfg = Release|Any CPU
		{1D079C2F-FB1E-4A16-BEE7-AF1909DECE6A}.Release|Any CPU.Build.0 = Release|Any CPU
		{3E6C7F1C-D8FC-4233-ACBA-C155CCFB2FC6}.Debug|Any CPU.ActiveCfg = Debug|Any CPU
		{3E6C7F1C-D8FC-4233-ACBA-C155CCFB2FC6}.Debug|Any CPU.Build.0 = Debug|Any CPU
		{3E6C7F1C-D8FC-4233-ACBA-C155CCFB2FC6}.Release|Any CPU.ActiveCfg = Release|Any CPU
		{3E6C7F1C-D8FC-4233-ACBA-C155CCFB2FC6}.Release|Any CPU.Build.0 = Release|Any CPU
		{A0FAE7E4-3010-44C8-B920-F0222C481841}.Debug|Any CPU.ActiveCfg = Debug|Any CPU
		{A0FAE7E4-3010-44C8-B920-F0222C481841}.Debug|Any CPU.Build.0 = Debug|Any CPU
		{A0FAE7E4-3010-44C8-B920-F0222C481841}.Release|Any CPU.ActiveCfg = Release|Any CPU
		{A0FAE7E4-3010-44C8-B920-F0222C481841}.Release|Any CPU.Build.0 = Release|Any CPU
		{8ABD2506-6343-4BEC-AB99-7BDE9103D115}.Debug|Any CPU.ActiveCfg = Debug|Any CPU
		{8ABD2506-6343-4BEC-AB99-7BDE9103D115}.Debug|Any CPU.Build.0 = Debug|Any CPU
		{8ABD2506-6343-4BEC-AB99-7BDE9103D115}.Release|Any CPU.ActiveCfg = Release|Any CPU
		{8ABD2506-6343-4BEC-AB99-7BDE9103D115}.Release|Any CPU.Build.0 = Release|Any CPU
		{EEC1AAD6-F94E-47BF-A1B4-BCFC6D2CDF24}.Debug|Any CPU.ActiveCfg = Debug|Any CPU
		{EEC1AAD6-F94E-47BF-A1B4-BCFC6D2CDF24}.Debug|Any CPU.Build.0 = Debug|Any CPU
		{EEC1AAD6-F94E-47BF-A1B4-BCFC6D2CDF24}.Release|Any CPU.ActiveCfg = Release|Any CPU
		{EEC1AAD6-F94E-47BF-A1B4-BCFC6D2CDF24}.Release|Any CPU.Build.0 = Release|Any CPU
	EndGlobalSection
	GlobalSection(SolutionProperties) = preSolution
		HideSolutionNode = FALSE
	EndGlobalSection
	GlobalSection(ExtensibilityGlobals) = postSolution
		SolutionGuid = {6451B34C-2A75-4778-AEF7-8684A89323B8}
	EndGlobalSection
EndGlobal
